
Microsoft Visual Studio Solution File, Format Version 12.00
# Visual Studio Version 16
VisualStudioVersion = 16.0.29324.140
MinimumVisualStudioVersion = 10.0.40219.1
Project("{9A19103F-16F7-4668-BE54-9A1E7A4F7556}") = "DB", "DB\DB.csproj", "{1DDEB85C-B8FF-45BB-A983-A1B7F17F6809}"
EndProject
Project("{9A19103F-16F7-4668-BE54-9A1E7A4F7556}") = "DomainModels", "DomainModels\DomainModels.csproj", "{910C6A7E-6FD3-4C8F-B79C-FC755C7DCD10}"
EndProject
Global
	GlobalSection(SolutionConfigurationPlatforms) = preSolution
		Debug|Any CPU = Debug|Any CPU
		Release|Any CPU = Release|Any CPU
	EndGlobalSection
	GlobalSection(ProjectConfigurationPlatforms) = postSolution
		{1DDEB85C-B8FF-45BB-A983-A1B7F17F6809}.Debug|Any CPU.ActiveCfg = Debug|Any CPU
		{1DDEB85C-B8FF-45BB-A983-A1B7F17F6809}.Debug|Any CPU.Build.0 = Debug|Any CPU
		{1DDEB85C-B8FF-45BB-A983-A1B7F17F6809}.Release|Any CPU.ActiveCfg = Release|Any CPU
		{1DDEB85C-B8FF-45BB-A983-A1B7F17F6809}.Release|Any CPU.Build.0 = Release|Any CPU
		{910C6A7E-6FD3-4C8F-B79C-FC755C7DCD10}.Debug|Any CPU.ActiveCfg = Debug|Any CPU
		{910C6A7E-6FD3-4C8F-B79C-FC755C7DCD10}.Debug|Any CPU.Build.0 = Debug|Any CPU
		{910C6A7E-6FD3-4C8F-B79C-FC755C7DCD10}.Release|Any CPU.ActiveCfg = Release|Any CPU
		{910C6A7E-6FD3-4C8F-B79C-FC755C7DCD10}.Release|Any CPU.Build.0 = Release|Any CPU
	EndGlobalSection
	GlobalSection(SolutionProperties) = preSolution
		HideSolutionNode = FALSE
	EndGlobalSection
	GlobalSection(ExtensibilityGlobals) = postSolution
		SolutionGuid = {61D2EB4A-0DE4-490F-9525-48F330625E2C}
	EndGlobalSection
EndGlobal
