
Microsoft Visual Studio Solution File, Format Version 12.00
# Visual Studio Version 16
VisualStudioVersion = 16.0.29324.140
MinimumVisualStudioVersion = 10.0.40219.1
Project("{9A19103F-16F7-4668-BE54-9A1E7A4F7556}") = "DB", "DB\DB.csproj", "{1DDEB85C-B8FF-45BB-A983-A1B7F17F6809}"
EndProject
Project("{9A19103F-16F7-4668-BE54-9A1E7A4F7556}") = "DomainModels", "DomainModels\DomainModels.csproj", "{910C6A7E-6FD3-4C8F-B79C-FC755C7DCD10}"
EndProject
Project("{9A19103F-16F7-4668-BE54-9A1E7A4F7556}") = "Web", "Web\Web.csproj", "{064F0EAE-4A2A-4C7A-B2F8-0EFF9A94E145}"
EndProject
Project("{9A19103F-16F7-4668-BE54-9A1E7A4F7556}") = "WebAPI", "WebAPI\WebAPI.csproj", "{CF4943AB-C1C5-445F-B042-3A17A084A87C}"
EndProject
Project("{9A19103F-16F7-4668-BE54-9A1E7A4F7556}") = "Spider", "Spider\Spider.csproj", "{42ACC4C9-AF68-41CE-824A-A7D4EA8E8891}"
EndProject
Project("{9A19103F-16F7-4668-BE54-9A1E7A4F7556}") = "CMS", "CMS\CMS.csproj", "{1B8A5840-0100-4384-A508-F2ED5181E5AF}"
EndProject
Project("{9A19103F-16F7-4668-BE54-9A1E7A4F7556}") = "NUnitTest", "NUnitTest\NUnitTest.csproj", "{30B35E52-0580-4B3E-8615-5D3F77AAF50E}"
EndProject
Project("{2150E333-8FDC-42A3-9474-1A3956D46DE8}") = "1.UI", "1.UI", "{9BCF6952-4D99-47C6-A5EE-8642E5B708EB}"
EndProject
Project("{2150E333-8FDC-42A3-9474-1A3956D46DE8}") = "4.Model", "4.Model", "{2B45C01B-5BBF-4FBB-BF5B-3ABAB4A43FA4}"
EndProject
Project("{2150E333-8FDC-42A3-9474-1A3956D46DE8}") = "2.Services", "2.Services", "{FEFBD5F4-0E07-4479-8C26-7D0111D0E7C4}"
EndProject
Project("{2150E333-8FDC-42A3-9474-1A3956D46DE8}") = "3.Repository", "3.Repository", "{7C77BF91-E11F-491C-B0E8-47B02A9076A5}"
EndProject
Project("{9A19103F-16F7-4668-BE54-9A1E7A4F7556}") = "ViewModels", "ViewModels\ViewModels.csproj", "{AFD9AD67-8966-4CFC-8FDB-0863AC73913C}"
EndProject
Project("{FAE04EC0-301F-11D3-BF4B-00C04F79EFBC}") = "Repository", "Repository\Repository.csproj", "{7D399139-A7EA-4AA9-828E-10D4E1FAEB62}"
EndProject
Project("{FAE04EC0-301F-11D3-BF4B-00C04F79EFBC}") = "IRepository", "IRepository\IRepository.csproj", "{C2CB4022-7DE9-4CDA-9485-EA7869587272}"
EndProject
Project("{FAE04EC0-301F-11D3-BF4B-00C04F79EFBC}") = "Service", "Service\Service.csproj", "{B8C82425-7E89-44AC-A2BA-40BA77452F07}"
EndProject
Project("{FAE04EC0-301F-11D3-BF4B-00C04F79EFBC}") = "IService", "IService\IService.csproj", "{6C6A71C2-B562-4A7B-9789-465D41D10480}"
EndProject
Global
	GlobalSection(SolutionConfigurationPlatforms) = preSolution
		Debug|Any CPU = Debug|Any CPU
		Release|Any CPU = Release|Any CPU
	EndGlobalSection
	GlobalSection(ProjectConfigurationPlatforms) = postSolution
		{1DDEB85C-B8FF-45BB-A983-A1B7F17F6809}.Debug|Any CPU.ActiveCfg = Debug|Any CPU
		{1DDEB85C-B8FF-45BB-A983-A1B7F17F6809}.Debug|Any CPU.Build.0 = Debug|Any CPU
		{1DDEB85C-B8FF-45BB-A983-A1B7F17F6809}.Release|Any CPU.ActiveCfg = Release|Any CPU
		{1DDEB85C-B8FF-45BB-A983-A1B7F17F6809}.Release|Any CPU.Build.0 = Release|Any CPU
		{910C6A7E-6FD3-4C8F-B79C-FC755C7DCD10}.Debug|Any CPU.ActiveCfg = Debug|Any CPU
		{910C6A7E-6FD3-4C8F-B79C-FC755C7DCD10}.Debug|Any CPU.Build.0 = Debug|Any CPU
		{910C6A7E-6FD3-4C8F-B79C-FC755C7DCD10}.Release|Any CPU.ActiveCfg = Release|Any CPU
		{910C6A7E-6FD3-4C8F-B79C-FC755C7DCD10}.Release|Any CPU.Build.0 = Release|Any CPU
		{064F0EAE-4A2A-4C7A-B2F8-0EFF9A94E145}.Debug|Any CPU.ActiveCfg = Debug|Any CPU
		{064F0EAE-4A2A-4C7A-B2F8-0EFF9A94E145}.Debug|Any CPU.Build.0 = Debug|Any CPU
		{064F0EAE-4A2A-4C7A-B2F8-0EFF9A94E145}.Release|Any CPU.ActiveCfg = Release|Any CPU
		{064F0EAE-4A2A-4C7A-B2F8-0EFF9A94E145}.Release|Any CPU.Build.0 = Release|Any CPU
		{CF4943AB-C1C5-445F-B042-3A17A084A87C}.Debug|Any CPU.ActiveCfg = Debug|Any CPU
		{CF4943AB-C1C5-445F-B042-3A17A084A87C}.Debug|Any CPU.Build.0 = Debug|Any CPU
		{CF4943AB-C1C5-445F-B042-3A17A084A87C}.Release|Any CPU.ActiveCfg = Release|Any CPU
		{CF4943AB-C1C5-445F-B042-3A17A084A87C}.Release|Any CPU.Build.0 = Release|Any CPU
		{42ACC4C9-AF68-41CE-824A-A7D4EA8E8891}.Debug|Any CPU.ActiveCfg = Debug|Any CPU
		{42ACC4C9-AF68-41CE-824A-A7D4EA8E8891}.Debug|Any CPU.Build.0 = Debug|Any CPU
		{42ACC4C9-AF68-41CE-824A-A7D4EA8E8891}.Release|Any CPU.ActiveCfg = Release|Any CPU
		{42ACC4C9-AF68-41CE-824A-A7D4EA8E8891}.Release|Any CPU.Build.0 = Release|Any CPU
		{1B8A5840-0100-4384-A508-F2ED5181E5AF}.Debug|Any CPU.ActiveCfg = Debug|Any CPU
		{1B8A5840-0100-4384-A508-F2ED5181E5AF}.Debug|Any CPU.Build.0 = Debug|Any CPU
		{1B8A5840-0100-4384-A508-F2ED5181E5AF}.Release|Any CPU.ActiveCfg = Release|Any CPU
		{1B8A5840-0100-4384-A508-F2ED5181E5AF}.Release|Any CPU.Build.0 = Release|Any CPU
		{30B35E52-0580-4B3E-8615-5D3F77AAF50E}.Debug|Any CPU.ActiveCfg = Debug|Any CPU
		{30B35E52-0580-4B3E-8615-5D3F77AAF50E}.Debug|Any CPU.Build.0 = Debug|Any CPU
		{30B35E52-0580-4B3E-8615-5D3F77AAF50E}.Release|Any CPU.ActiveCfg = Release|Any CPU
		{30B35E52-0580-4B3E-8615-5D3F77AAF50E}.Release|Any CPU.Build.0 = Release|Any CPU
		{AFD9AD67-8966-4CFC-8FDB-0863AC73913C}.Debug|Any CPU.ActiveCfg = Debug|Any CPU
		{AFD9AD67-8966-4CFC-8FDB-0863AC73913C}.Debug|Any CPU.Build.0 = Debug|Any CPU
		{AFD9AD67-8966-4CFC-8FDB-0863AC73913C}.Release|Any CPU.ActiveCfg = Release|Any CPU
		{AFD9AD67-8966-4CFC-8FDB-0863AC73913C}.Release|Any CPU.Build.0 = Release|Any CPU
		{7D399139-A7EA-4AA9-828E-10D4E1FAEB62}.Debug|Any CPU.ActiveCfg = Debug|Any CPU
		{7D399139-A7EA-4AA9-828E-10D4E1FAEB62}.Debug|Any CPU.Build.0 = Debug|Any CPU
		{7D399139-A7EA-4AA9-828E-10D4E1FAEB62}.Release|Any CPU.ActiveCfg = Release|Any CPU
		{7D399139-A7EA-4AA9-828E-10D4E1FAEB62}.Release|Any CPU.Build.0 = Release|Any CPU
		{C2CB4022-7DE9-4CDA-9485-EA7869587272}.Debug|Any CPU.ActiveCfg = Debug|Any CPU
		{C2CB4022-7DE9-4CDA-9485-EA7869587272}.Debug|Any CPU.Build.0 = Debug|Any CPU
		{C2CB4022-7DE9-4CDA-9485-EA7869587272}.Release|Any CPU.ActiveCfg = Release|Any CPU
		{C2CB4022-7DE9-4CDA-9485-EA7869587272}.Release|Any CPU.Build.0 = Release|Any CPU
		{B8C82425-7E89-44AC-A2BA-40BA77452F07}.Debug|Any CPU.ActiveCfg = Debug|Any CPU
		{B8C82425-7E89-44AC-A2BA-40BA77452F07}.Debug|Any CPU.Build.0 = Debug|Any CPU
		{B8C82425-7E89-44AC-A2BA-40BA77452F07}.Release|Any CPU.ActiveCfg = Release|Any CPU
		{B8C82425-7E89-44AC-A2BA-40BA77452F07}.Release|Any CPU.Build.0 = Release|Any CPU
		{6C6A71C2-B562-4A7B-9789-465D41D10480}.Debug|Any CPU.ActiveCfg = Debug|Any CPU
		{6C6A71C2-B562-4A7B-9789-465D41D10480}.Debug|Any CPU.Build.0 = Debug|Any CPU
		{6C6A71C2-B562-4A7B-9789-465D41D10480}.Release|Any CPU.ActiveCfg = Release|Any CPU
		{6C6A71C2-B562-4A7B-9789-465D41D10480}.Release|Any CPU.Build.0 = Release|Any CPU
	EndGlobalSection
	GlobalSection(SolutionProperties) = preSolution
		HideSolutionNode = FALSE
	EndGlobalSection
	GlobalSection(NestedProjects) = preSolution
		{910C6A7E-6FD3-4C8F-B79C-FC755C7DCD10} = {2B45C01B-5BBF-4FBB-BF5B-3ABAB4A43FA4}
		{064F0EAE-4A2A-4C7A-B2F8-0EFF9A94E145} = {9BCF6952-4D99-47C6-A5EE-8642E5B708EB}
		{CF4943AB-C1C5-445F-B042-3A17A084A87C} = {9BCF6952-4D99-47C6-A5EE-8642E5B708EB}
		{1B8A5840-0100-4384-A508-F2ED5181E5AF} = {9BCF6952-4D99-47C6-A5EE-8642E5B708EB}
		{AFD9AD67-8966-4CFC-8FDB-0863AC73913C} = {2B45C01B-5BBF-4FBB-BF5B-3ABAB4A43FA4}
		{7D399139-A7EA-4AA9-828E-10D4E1FAEB62} = {7C77BF91-E11F-491C-B0E8-47B02A9076A5}
		{C2CB4022-7DE9-4CDA-9485-EA7869587272} = {7C77BF91-E11F-491C-B0E8-47B02A9076A5}
		{B8C82425-7E89-44AC-A2BA-40BA77452F07} = {FEFBD5F4-0E07-4479-8C26-7D0111D0E7C4}
		{6C6A71C2-B562-4A7B-9789-465D41D10480} = {FEFBD5F4-0E07-4479-8C26-7D0111D0E7C4}
	EndGlobalSection
	GlobalSection(ExtensibilityGlobals) = postSolution
		SolutionGuid = {61D2EB4A-0DE4-490F-9525-48F330625E2C}
	EndGlobalSection
EndGlobal
